
Microsoft Visual Studio Solution File, Format Version 12.00
# Visual Studio 15
VisualStudioVersion = 15.0.28307.645
MinimumVisualStudioVersion = 10.0.40219.1
Project("{8BC9CEB8-8B4A-11D0-8D11-00A0C91BC942}") = "algebraic-complement-parallel", "algebraic-complement-parallel\algebraic-complement-parallel.vcxproj", "{BFD24831-756A-4E6F-97EE-182A79A5D65E}"
EndProject
Global
	GlobalSection(SolutionConfigurationPlatforms) = preSolution
		Debug|x64 = Debug|x64
		Debug|x86 = Debug|x86
		Release|x64 = Release|x64
		Release|x86 = Release|x86
	EndGlobalSection
	GlobalSection(ProjectConfigurationPlatforms) = postSolution
		{BFD24831-756A-4E6F-97EE-182A79A5D65E}.Debug|x64.ActiveCfg = Debug|x64
		{BFD24831-756A-4E6F-97EE-182A79A5D65E}.Debug|x64.Build.0 = Debug|x64
		{BFD24831-756A-4E6F-97EE-182A79A5D65E}.Debug|x86.ActiveCfg = Debug|Win32
		{BFD24831-756A-4E6F-97EE-182A79A5D65E}.Debug|x86.Build.0 = Debug|Win32
		{BFD24831-756A-4E6F-97EE-182A79A5D65E}.Release|x64.ActiveCfg = Release|x64
		{BFD24831-756A-4E6F-97EE-182A79A5D65E}.Release|x64.Build.0 = Release|x64
		{BFD24831-756A-4E6F-97EE-182A79A5D65E}.Release|x86.ActiveCfg = Release|Win32
		{BFD24831-756A-4E6F-97EE-182A79A5D65E}.Release|x86.Build.0 = Release|Win32
	EndGlobalSection
	GlobalSection(SolutionProperties) = preSolution
		HideSolutionNode = FALSE
	EndGlobalSection
	GlobalSection(ExtensibilityGlobals) = postSolution
		SolutionGuid = {6C92F4E2-50BB-457C-BD27-1CF4B89F6A86}
	EndGlobalSection
EndGlobal
